PODS:
  - Alamofire (5.10.2)
  - KRActivityIndicatorView (3.0.8)
  - KRProgressHUD (3.4.8):
    - KRActivityIndicatorView (= 3.0.8)
  - Moya (15.0.0):
    - Moya/Core (= 15.0.0)
  - Moya/Core (15.0.0):
    - Alamofire (~> 5.0)
  - PayOrciOS_SDK (1.0.0):
    - KRProgressHUD
    - Moya (~> 15.0)
  - SDWebImage (5.20.0):
    - SDWebImage/Core (= 5.20.0)
  - SDWebImage/Core (5.20.0)

DEPENDENCIES:
  - KRProgressHUD
  - Moya (~> 15.0)
  - PayOrciOS_SDK (from `../`)
  - SDWebImage

SPEC REPOS:
  trunk:
    - Alamofire
    - KRActivityIndicatorView
    - KRProgressHUD
    - Moya
    - SDWebImage

EXTERNAL SOURCES:
  PayOrciOS_SDK:
    :path: "../"

SPEC CHECKSUMS:
  Alamofire: 7193b3b92c74a07f85569e1a6c4f4237291e7496
  KRActivityIndicatorView: c5c503bf56e54834382dd926b64ff47287ca0006
  KRProgressHUD: d0fb4e72428d312eb6966e84c543ea58fb1efbc7
  Moya: 138f0573e53411fb3dc17016add0b748dfbd78ee
  PayOrciOS_SDK: e35c5770ee0a7742a572aa46b91628fe202f177d
  SDWebImage: 73c6079366fea25fa4bb9640d5fb58f0893facd8

PODFILE CHECKSUM: 9ffe2be3c6504c3eaac83de6f1360242004d3fc5

COCOAPODS: 1.16.2
