PODS:
  - Alamofire (5.10.2)
  - Moya (15.0.0):
    - Moya/Core (= 15.0.0)
  - Moya/Core (15.0.0):
    - Alamofire (~> 5.0)
  - PayOrciOS_SDK (1.1.1):
    - Moya (~> 15.0)

DEPENDENCIES:
  - Moya (~> 15.0)
  - PayOrciOS_SDK (from `../`)

SPEC REPOS:
  trunk:
    - Alamofire
    - Moya

EXTERNAL SOURCES:
  PayOrciOS_SDK:
    :path: "../"

SPEC CHECKSUMS:
  Alamofire: 7193b3b92c74a07f85569e1a6c4f4237291e7496
  Moya: 138f0573e53411fb3dc17016add0b748dfbd78ee
  PayOrciOS_SDK: e3d67728455a62addaa051eeb44b7131c693516b

PODFILE CHECKSUM: b5858d81eb046d153f9fa45e433695649712d7a0

COCOAPODS: 1.16.2
